
Microsoft Visual Studio Solution File, Format Version 12.00
# Visual Studio Version 17
VisualStudioVersion = 17.9.34902.65
MinimumVisualStudioVersion = 10.0.40219.1
Project("{9A19103F-16F7-4668-BE54-9A1E7A4F7556}") = "OnlineShopping.Web", "OnlineShopping\OnlineShopping.Web.csproj", "{97AF42AB-166C-4235-AB74-A18EE680B855}"
EndProject
Project("{FAE04EC0-301F-11D3-BF4B-00C04F79EFBC}") = "OnlineShopping.Models", "OnlineShopping.Models\OnlineShopping.Models.csproj", "{CDC5AAB9-5FBE-4829-BA26-14FCDBF26ABA}"
EndProject
Project("{FAE04EC0-301F-11D3-BF4B-00C04F79EFBC}") = "OnlineShopping.DataAccess", "OnlineShopping.DataAccess\OnlineShopping.DataAccess.csproj", "{AE8C198C-B711-4ABD-BEF7-DCBCCDF83A21}"
EndProject
Project("{FAE04EC0-301F-11D3-BF4B-00C04F79EFBC}") = "OnlineShopping.Utility", "OnlineShopping.Utility\OnlineShopping.Utility.csproj", "{C89AD63F-015E-4F8D-BE0F-076F9A18069C}"
EndProject
Global
	GlobalSection(SolutionConfigurationPlatforms) = preSolution
		Debug|Any CPU = Debug|Any CPU
		Release|Any CPU = Release|Any CPU
	EndGlobalSection
	GlobalSection(ProjectConfigurationPlatforms) = postSolution
		{97AF42AB-166C-4235-AB74-A18EE680B855}.Debug|Any CPU.ActiveCfg = Debug|Any CPU
		{97AF42AB-166C-4235-AB74-A18EE680B855}.Debug|Any CPU.Build.0 = Debug|Any CPU
		{97AF42AB-166C-4235-AB74-A18EE680B855}.Release|Any CPU.ActiveCfg = Release|Any CPU
		{97AF42AB-166C-4235-AB74-A18EE680B855}.Release|Any CPU.Build.0 = Release|Any CPU
		{CDC5AAB9-5FBE-4829-BA26-14FCDBF26ABA}.Debug|Any CPU.ActiveCfg = Debug|Any CPU
		{CDC5AAB9-5FBE-4829-BA26-14FCDBF26ABA}.Debug|Any CPU.Build.0 = Debug|Any CPU
		{CDC5AAB9-5FBE-4829-BA26-14FCDBF26ABA}.Release|Any CPU.ActiveCfg = Release|Any CPU
		{CDC5AAB9-5FBE-4829-BA26-14FCDBF26ABA}.Release|Any CPU.Build.0 = Release|Any CPU
		{AE8C198C-B711-4ABD-BEF7-DCBCCDF83A21}.Debug|Any CPU.ActiveCfg = Debug|Any CPU
		{AE8C198C-B711-4ABD-BEF7-DCBCCDF83A21}.Debug|Any CPU.Build.0 = Debug|Any CPU
		{AE8C198C-B711-4ABD-BEF7-DCBCCDF83A21}.Release|Any CPU.ActiveCfg = Release|Any CPU
		{AE8C198C-B711-4ABD-BEF7-DCBCCDF83A21}.Release|Any CPU.Build.0 = Release|Any CPU
		{C89AD63F-015E-4F8D-BE0F-076F9A18069C}.Debug|Any CPU.ActiveCfg = Debug|Any CPU
		{C89AD63F-015E-4F8D-BE0F-076F9A18069C}.Debug|Any CPU.Build.0 = Debug|Any CPU
		{C89AD63F-015E-4F8D-BE0F-076F9A18069C}.Release|Any CPU.ActiveCfg = Release|Any CPU
		{C89AD63F-015E-4F8D-BE0F-076F9A18069C}.Release|Any CPU.Build.0 = Release|Any CPU
	EndGlobalSection
	GlobalSection(SolutionProperties) = preSolution
		HideSolutionNode = FALSE
	EndGlobalSection
	GlobalSection(ExtensibilityGlobals) = postSolution
		SolutionGuid = {A1097B06-E87D-42E0-A27F-71550315CCD4}
	EndGlobalSection
EndGlobal
